
Microsoft Visual Studio Solution File, Format Version 12.00
# Visual Studio Version 17
VisualStudioVersion = 17.0.31903.59
MinimumVisualStudioVersion = 10.0.40219.1
Project("{FAE04EC0-301F-11D3-BF4B-00C04F79EFBC}") = "Aluguel.API", "Aluguel.API\Aluguel.API.csproj", "{33A51047-B3E5-47AB-8E4E-1803C329BC38}"
EndProject
Project("{FAE04EC0-301F-11D3-BF4B-00C04F79EFBC}") = "Aluguel.Tests", "Aluguel.Tests\Aluguel.Tests.csproj", "{24769305-6C3A-40EA-8929-16391C99DCD0}"
EndProject
Global
	GlobalSection(SolutionConfigurationPlatforms) = preSolution
		Debug|Any CPU = Debug|Any CPU
		Release|Any CPU = Release|Any CPU
	EndGlobalSection
	GlobalSection(SolutionProperties) = preSolution
		HideSolutionNode = FALSE
	EndGlobalSection
	GlobalSection(ProjectConfigurationPlatforms) = postSolution
		{33A51047-B3E5-47AB-8E4E-1803C329BC38}.Debug|Any CPU.ActiveCfg = Debug|Any CPU
		{33A51047-B3E5-47AB-8E4E-1803C329BC38}.Debug|Any CPU.Build.0 = Debug|Any CPU
		{33A51047-B3E5-47AB-8E4E-1803C329BC38}.Release|Any CPU.ActiveCfg = Release|Any CPU
		{33A51047-B3E5-47AB-8E4E-1803C329BC38}.Release|Any CPU.Build.0 = Release|Any CPU
		{24769305-6C3A-40EA-8929-16391C99DCD0}.Debug|Any CPU.ActiveCfg = Debug|Any CPU
		{24769305-6C3A-40EA-8929-16391C99DCD0}.Debug|Any CPU.Build.0 = Debug|Any CPU
		{24769305-6C3A-40EA-8929-16391C99DCD0}.Release|Any CPU.ActiveCfg = Release|Any CPU
		{24769305-6C3A-40EA-8929-16391C99DCD0}.Release|Any CPU.Build.0 = Release|Any CPU
	EndGlobalSection
EndGlobal
